
Microsoft Visual Studio Solution File, Format Version 12.00
# Visual Studio Version 17
VisualStudioVersion = 17.4.33122.133
MinimumVisualStudioVersion = 10.0.40219.1
Project("{9A19103F-16F7-4668-BE54-9A1E7A4F7556}") = "AdminService", "AdminService\AdminService.csproj", "{4DCE773F-7657-480F-93E3-49ADBCF56E89}"
EndProject
Project("{9A19103F-16F7-4668-BE54-9A1E7A4F7556}") = "DrinksService", "GetDrinksService\DrinksService.csproj", "{6D13052D-C90F-4D58-8B7E-85220496D05A}"
EndProject
Project("{9A19103F-16F7-4668-BE54-9A1E7A4F7556}") = "CoctailsService", "RecipesService\CoctailsService.csproj", "{C71B9208-C2B2-460D-A86B-C8F86A491F40}"
EndProject
Project("{9A19103F-16F7-4668-BE54-9A1E7A4F7556}") = "UserProfileService", "UserProfileService\UserProfileService.csproj", "{C6C43451-704B-4A95-847C-88300BB8A001}"
EndProject
Project("{9A19103F-16F7-4668-BE54-9A1E7A4F7556}") = "MoonshineService", "MoonshineService\MoonshineService.csproj", "{43674E2E-0990-4FB3-9A12-AAC7FECF0014}"
EndProject
Project("{2150E333-8FDC-42A3-9474-1A3956D46DE8}") = "Solution Items", "Solution Items", "{2665C7C1-0968-4D84-9215-A8F6F98D6AF7}"
	ProjectSection(SolutionItems) = preProject
		.editorconfig = .editorconfig
	EndProjectSection
EndProject
Project("{9A19103F-16F7-4668-BE54-9A1E7A4F7556}") = "AlcoProjectLibrary", "AlcoProjectLibrary\AlcoProjectLibrary.csproj", "{9FE8C74A-D1AE-4E24-85E3-78C7C75D24A8}"
EndProject
Global
	GlobalSection(SolutionConfigurationPlatforms) = preSolution
		Debug|Any CPU = Debug|Any CPU
		Release|Any CPU = Release|Any CPU
	EndGlobalSection
	GlobalSection(ProjectConfigurationPlatforms) = postSolution
		{4DCE773F-7657-480F-93E3-49ADBCF56E89}.Debug|Any CPU.ActiveCfg = Debug|Any CPU
		{4DCE773F-7657-480F-93E3-49ADBCF56E89}.Debug|Any CPU.Build.0 = Debug|Any CPU
		{4DCE773F-7657-480F-93E3-49ADBCF56E89}.Release|Any CPU.ActiveCfg = Release|Any CPU
		{4DCE773F-7657-480F-93E3-49ADBCF56E89}.Release|Any CPU.Build.0 = Release|Any CPU
		{6D13052D-C90F-4D58-8B7E-85220496D05A}.Debug|Any CPU.ActiveCfg = Debug|Any CPU
		{6D13052D-C90F-4D58-8B7E-85220496D05A}.Debug|Any CPU.Build.0 = Debug|Any CPU
		{6D13052D-C90F-4D58-8B7E-85220496D05A}.Release|Any CPU.ActiveCfg = Release|Any CPU
		{6D13052D-C90F-4D58-8B7E-85220496D05A}.Release|Any CPU.Build.0 = Release|Any CPU
		{C71B9208-C2B2-460D-A86B-C8F86A491F40}.Debug|Any CPU.ActiveCfg = Debug|Any CPU
		{C71B9208-C2B2-460D-A86B-C8F86A491F40}.Debug|Any CPU.Build.0 = Debug|Any CPU
		{C71B9208-C2B2-460D-A86B-C8F86A491F40}.Release|Any CPU.ActiveCfg = Release|Any CPU
		{C71B9208-C2B2-460D-A86B-C8F86A491F40}.Release|Any CPU.Build.0 = Release|Any CPU
		{C6C43451-704B-4A95-847C-88300BB8A001}.Debug|Any CPU.ActiveCfg = Debug|Any CPU
		{C6C43451-704B-4A95-847C-88300BB8A001}.Debug|Any CPU.Build.0 = Debug|Any CPU
		{C6C43451-704B-4A95-847C-88300BB8A001}.Release|Any CPU.ActiveCfg = Release|Any CPU
		{C6C43451-704B-4A95-847C-88300BB8A001}.Release|Any CPU.Build.0 = Release|Any CPU
		{43674E2E-0990-4FB3-9A12-AAC7FECF0014}.Debug|Any CPU.ActiveCfg = Debug|Any CPU
		{43674E2E-0990-4FB3-9A12-AAC7FECF0014}.Debug|Any CPU.Build.0 = Debug|Any CPU
		{43674E2E-0990-4FB3-9A12-AAC7FECF0014}.Release|Any CPU.ActiveCfg = Release|Any CPU
		{43674E2E-0990-4FB3-9A12-AAC7FECF0014}.Release|Any CPU.Build.0 = Release|Any CPU
		{9FE8C74A-D1AE-4E24-85E3-78C7C75D24A8}.Debug|Any CPU.ActiveCfg = Debug|Any CPU
		{9FE8C74A-D1AE-4E24-85E3-78C7C75D24A8}.Debug|Any CPU.Build.0 = Debug|Any CPU
		{9FE8C74A-D1AE-4E24-85E3-78C7C75D24A8}.Release|Any CPU.ActiveCfg = Release|Any CPU
		{9FE8C74A-D1AE-4E24-85E3-78C7C75D24A8}.Release|Any CPU.Build.0 = Release|Any CPU
	EndGlobalSection
	GlobalSection(SolutionProperties) = preSolution
		HideSolutionNode = FALSE
	EndGlobalSection
	GlobalSection(ExtensibilityGlobals) = postSolution
		SolutionGuid = {4A60CB3F-B4CC-4ADE-A5F2-6A52421FD671}
	EndGlobalSection
EndGlobal
